
Microsoft Visual Studio Solution File, Format Version 12.00
# Visual Studio Version 16
VisualStudioVersion = 16.0.32228.343
MinimumVisualStudioVersion = 10.0.40219.1
Project("{9092AA53-FB77-4645-B42D-1CCCA6BD08BD}") = "testing", "testing\testing.njsproj", "{2D73A7E7-3D22-4A81-92F3-5346A00DC19E}"
EndProject
Global
	GlobalSection(SolutionConfigurationPlatforms) = preSolution
		Debug|Any CPU = Debug|Any CPU
		Release|Any CPU = Release|Any CPU
	EndGlobalSection
	GlobalSection(ProjectConfigurationPlatforms) = postSolution
		{2D73A7E7-3D22-4A81-92F3-5346A00DC19E}.Debug|Any CPU.ActiveCfg = Debug|Any CPU
		{2D73A7E7-3D22-4A81-92F3-5346A00DC19E}.Debug|Any CPU.Build.0 = Debug|Any CPU
		{2D73A7E7-3D22-4A81-92F3-5346A00DC19E}.Release|Any CPU.ActiveCfg = Release|Any CPU
		{2D73A7E7-3D22-4A81-92F3-5346A00DC19E}.Release|Any CPU.Build.0 = Release|Any CPU
	EndGlobalSection
	GlobalSection(SolutionProperties) = preSolution
		HideSolutionNode = FALSE
	EndGlobalSection
	GlobalSection(ExtensibilityGlobals) = postSolution
		SolutionGuid = {54587A3A-5B86-4B57-B05C-3D0BEAFD8D1A}
	EndGlobalSection
EndGlobal
